
Microsoft Visual Studio Solution File, Format Version 12.00
# Visual Studio Version 16
VisualStudioVersion = 16.0.30225.117
MinimumVisualStudioVersion = 10.0.40219.1
Project("{FAE04EC0-301F-11D3-BF4B-00C04F79EFBC}") = "MP_Garcia_GeneJoseph_BMIS", "MP_Garcia_GeneJoseph_BMIS.csproj", "{7562EC3D-8CF4-4EEB-816C-543C1EDBA4DC}"
EndProject
Global
	GlobalSection(SolutionConfigurationPlatforms) = preSolution
		Debug|Any CPU = Debug|Any CPU
		Release|Any CPU = Release|Any CPU
	EndGlobalSection
	GlobalSection(ProjectConfigurationPlatforms) = postSolution
		{7562EC3D-8CF4-4EEB-816C-543C1EDBA4DC}.Debug|Any CPU.ActiveCfg = Debug|Any CPU
		{7562EC3D-8CF4-4EEB-816C-543C1EDBA4DC}.Debug|Any CPU.Build.0 = Debug|Any CPU
		{7562EC3D-8CF4-4EEB-816C-543C1EDBA4DC}.Release|Any CPU.ActiveCfg = Release|Any CPU
		{7562EC3D-8CF4-4EEB-816C-543C1EDBA4DC}.Release|Any CPU.Build.0 = Release|Any CPU
	EndGlobalSection
	GlobalSection(SolutionProperties) = preSolution
		HideSolutionNode = FALSE
	EndGlobalSection
	GlobalSection(ExtensibilityGlobals) = postSolution
		SolutionGuid = {A55EEBC4-29BF-49C4-8B22-16B765DE65F9}
	EndGlobalSection
EndGlobal
